
Microsoft Visual Studio Solution File, Format Version 12.00
# Visual Studio 15
VisualStudioVersion = 15.0.27004.2002
MinimumVisualStudioVersion = 10.0.40219.1
Project("{FAE04EC0-301F-11D3-BF4B-00C04F79EFBC}") = "WorkHabbitsApp", "WorkHabbitsApp\WorkHabbitsApp.csproj", "{FE0E7343-ACD8-4965-A463-CD90CE25F069}"
EndProject
Global
	GlobalSection(SolutionConfigurationPlatforms) = preSolution
		Debug|Any CPU = Debug|Any CPU
		Release|Any CPU = Release|Any CPU
	EndGlobalSection
	GlobalSection(ProjectConfigurationPlatforms) = postSolution
		{FE0E7343-ACD8-4965-A463-CD90CE25F069}.Debug|Any CPU.ActiveCfg = Debug|Any CPU
		{FE0E7343-ACD8-4965-A463-CD90CE25F069}.Debug|Any CPU.Build.0 = Debug|Any CPU
		{FE0E7343-ACD8-4965-A463-CD90CE25F069}.Release|Any CPU.ActiveCfg = Release|Any CPU
		{FE0E7343-ACD8-4965-A463-CD90CE25F069}.Release|Any CPU.Build.0 = Release|Any CPU
	EndGlobalSection
	GlobalSection(SolutionProperties) = preSolution
		HideSolutionNode = FALSE
	EndGlobalSection
	GlobalSection(ExtensibilityGlobals) = postSolution
		SolutionGuid = {75E2C951-709F-4FA5-A7FC-5FF4DB381315}
	EndGlobalSection
EndGlobal
